// !$*UTF8*$!
{
	archiveVersion = 1;
	classes = {
	};
	objectVersion = 56;
	objects = {

/* Begin PBXBuildFile section */
		7F904F4F2BB5B71500AFB7E4 /* NetworkSerializable.swift in Sources */ = {isa = PBXBuildFile; fileRef = 7F904F4E2BB5B71500AFB7E4 /* NetworkSerializable.swift */; };
		7F904F512BB5C47B00AFB7E4 /* NetworkDeserializable.swift in Sources */ = {isa = PBXBuildFile; fileRef = 7F904F502BB5C47B00AFB7E4 /* NetworkDeserializable.swift */; };
		7F904F532BB5C79600AFB7E4 /* RequestBody.swift in Sources */ = {isa = PBXBuildFile; fileRef = 7F904F522BB5C79600AFB7E4 /* RequestBody.swift */; };
		7F904F562BB5CFD500AFB7E4 /* MessageMapper.swift in Sources */ = {isa = PBXBuildFile; fileRef = 7F904F552BB5CFD500AFB7E4 /* MessageMapper.swift */; };
		7FABD0412BBE848100D1B6E5 /* NetworkResponse.swift in Sources */ = {isa = PBXBuildFile; fileRef = 7FABD0402BBE848100D1B6E5 /* NetworkResponse.swift */; };
		7FBE6CE22BB50CEE00485377 /* AppDelegate.swift in Sources */ = {isa = PBXBuildFile; fileRef = 7FBE6CE12BB50CEE00485377 /* AppDelegate.swift */; };
		7FBE6CE42BB50CEE00485377 /* SceneDelegate.swift in Sources */ = {isa = PBXBuildFile; fileRef = 7FBE6CE32BB50CEE00485377 /* SceneDelegate.swift */; };
		7FBE6CE62BB50CEE00485377 /* ViewController.swift in Sources */ = {isa = PBXBuildFile; fileRef = 7FBE6CE52BB50CEE00485377 /* ViewController.swift */; };
		7FBE6CEB2BB50CF200485377 /* Assets.xcassets in Resources */ = {isa = PBXBuildFile; fileRef = 7FBE6CEA2BB50CF200485377 /* Assets.xcassets */; };
		7FBE6CEE2BB50CF200485377 /* LaunchScreen.storyboard in Resources */ = {isa = PBXBuildFile; fileRef = 7FBE6CEC2BB50CF200485377 /* LaunchScreen.storyboard */; };
		7FBE6CFB2BB530D300485377 /* Message.swift in Sources */ = {isa = PBXBuildFile; fileRef = 7FBE6CFA2BB530D300485377 /* Message.swift */; };
		7FBE6CFE2BB5329300485377 /* ChatRepositoryProtocol.swift in Sources */ = {isa = PBXBuildFile; fileRef = 7FBE6CFD2BB5329300485377 /* ChatRepositoryProtocol.swift */; };
		7FBE6D032BB535FF00485377 /* MessageDto.swift in Sources */ = {isa = PBXBuildFile; fileRef = 7FBE6D022BB535FF00485377 /* MessageDto.swift */; };
/* End PBXBuildFile section */

/* Begin PBXFileReference section */
		7F904F4E2BB5B71500AFB7E4 /* NetworkSerializable.swift */ = {isa = PBXFileReference; lastKnownFileType = sourcecode.swift; path = NetworkSerializable.swift; sourceTree = "<group>"; };
		7F904F502BB5C47B00AFB7E4 /* NetworkDeserializable.swift */ = {isa = PBXFileReference; lastKnownFileType = sourcecode.swift; path = NetworkDeserializable.swift; sourceTree = "<group>"; };
		7F904F522BB5C79600AFB7E4 /* RequestBody.swift */ = {isa = PBXFileReference; lastKnownFileType = sourcecode.swift; path = RequestBody.swift; sourceTree = "<group>"; };
		7F904F552BB5CFD500AFB7E4 /* MessageMapper.swift */ = {isa = PBXFileReference; lastKnownFileType = sourcecode.swift; path = MessageMapper.swift; sourceTree = "<group>"; };
		7FABD0402BBE848100D1B6E5 /* NetworkResponse.swift */ = {isa = PBXFileReference; lastKnownFileType = sourcecode.swift; path = NetworkResponse.swift; sourceTree = "<group>"; };
		7FBE6CDE2BB50CEE00485377 /* AIChatbot.app */ = {isa = PBXFileReference; explicitFileType = wrapper.application; includeInIndex = 0; path = AIChatbot.app; sourceTree = BUILT_PRODUCTS_DIR; };
		7FBE6CE12BB50CEE00485377 /* AppDelegate.swift */ = {isa = PBXFileReference; lastKnownFileType = sourcecode.swift; path = AppDelegate.swift; sourceTree = "<group>"; };
		7FBE6CE32BB50CEE00485377 /* SceneDelegate.swift */ = {isa = PBXFileReference; lastKnownFileType = sourcecode.swift; path = SceneDelegate.swift; sourceTree = "<group>"; };
		7FBE6CE52BB50CEE00485377 /* ViewController.swift */ = {isa = PBXFileReference; lastKnownFileType = sourcecode.swift; path = ViewController.swift; sourceTree = "<group>"; };
		7FBE6CEA2BB50CF200485377 /* Assets.xcassets */ = {isa = PBXFileReference; lastKnownFileType = folder.assetcatalog; path = Assets.xcassets; sourceTree = "<group>"; };
		7FBE6CED2BB50CF200485377 /* Base */ = {isa = PBXFileReference; lastKnownFileType = file.storyboard; name = Base; path = Base.lproj/LaunchScreen.storyboard; sourceTree = "<group>"; };
		7FBE6CEF2BB50CF200485377 /* Info.plist */ = {isa = PBXFileReference; lastKnownFileType = text.plist.xml; path = Info.plist; sourceTree = "<group>"; };
		7FBE6CF52BB511BF00485377 /* Secrets.xcconfig */ = {isa = PBXFileReference; lastKnownFileType = text.xcconfig; path = Secrets.xcconfig; sourceTree = "<group>"; };
		7FBE6CFA2BB530D300485377 /* Message.swift */ = {isa = PBXFileReference; lastKnownFileType = sourcecode.swift; path = Message.swift; sourceTree = "<group>"; };
		7FBE6CFD2BB5329300485377 /* ChatRepositoryProtocol.swift */ = {isa = PBXFileReference; lastKnownFileType = sourcecode.swift; path = ChatRepositoryProtocol.swift; sourceTree = "<group>"; };
		7FBE6D022BB535FF00485377 /* MessageDto.swift */ = {isa = PBXFileReference; lastKnownFileType = sourcecode.swift; path = MessageDto.swift; sourceTree = "<group>"; };
/* End PBXFileReference section */

/* Begin PBXFrameworksBuildPhase section */
		7FBE6CDB2BB50CEE00485377 /* Frameworks */ = {
			isa = PBXFrameworksBuildPhase;
			buildActionMask = 2147483647;
			files = (
			);
			runOnlyForDeploymentPostprocessing = 0;
		};
/* End PBXFrameworksBuildPhase section */

/* Begin PBXGroup section */
		7F904F542BB5CF5000AFB7E4 /* Mapper */ = {
			isa = PBXGroup;
			children = (
				7F904F552BB5CFD500AFB7E4 /* MessageMapper.swift */,
			);
			path = Mapper;
			sourceTree = "<group>";
		};
		7FABD03D2BBE785B00D1B6E5 /* Serializer */ = {
			isa = PBXGroup;
			children = (
				7FABD03E2BBE7A7200D1B6E5 /* Interface */,
				7FABD03F2BBE7CAD00D1B6E5 /* Implementation */,
			);
			path = Serializer;
			sourceTree = "<group>";
		};
		7FABD03E2BBE7A7200D1B6E5 /* Interface */ = {
			isa = PBXGroup;
			children = (
				7F904F4E2BB5B71500AFB7E4 /* NetworkSerializable.swift */,
				7F904F502BB5C47B00AFB7E4 /* NetworkDeserializable.swift */,
			);
			path = Interface;
			sourceTree = "<group>";
		};
		7FABD03F2BBE7CAD00D1B6E5 /* Implementation */ = {
			isa = PBXGroup;
			children = (
			);
			path = Implementation;
			sourceTree = "<group>";
		};
		7FBE6CD52BB50CEE00485377 = {
			isa = PBXGroup;
			children = (
				7FBE6CE02BB50CEE00485377 /* AIChatbot */,
				7FBE6CDF2BB50CEE00485377 /* Products */,
			);
			sourceTree = "<group>";
		};
		7FBE6CDF2BB50CEE00485377 /* Products */ = {
			isa = PBXGroup;
			children = (
				7FBE6CDE2BB50CEE00485377 /* AIChatbot.app */,
			);
			name = Products;
			sourceTree = "<group>";
		};
		7FBE6CE02BB50CEE00485377 /* AIChatbot */ = {
			isa = PBXGroup;
			children = (
				7FBE6CF62BB52FD500485377 /* App */,
				7FBE6CFF2BB5357E00485377 /* Data */,
				7FBE6CF82BB5305400485377 /* Domain */,
				7FBE6CE52BB50CEE00485377 /* ViewController.swift */,
				7FBE6CEF2BB50CF200485377 /* Info.plist */,
				7FBE6CF52BB511BF00485377 /* Secrets.xcconfig */,
			);
			path = AIChatbot;
			sourceTree = "<group>";
		};
		7FBE6CF62BB52FD500485377 /* App */ = {
			isa = PBXGroup;
			children = (
				7FBE6CF72BB52FF700485377 /* AppDelegate */,
				7FBE6CEA2BB50CF200485377 /* Assets.xcassets */,
				7FBE6CEC2BB50CF200485377 /* LaunchScreen.storyboard */,
			);
			path = App;
			sourceTree = "<group>";
		};
		7FBE6CF72BB52FF700485377 /* AppDelegate */ = {
			isa = PBXGroup;
			children = (
				7FBE6CE12BB50CEE00485377 /* AppDelegate.swift */,
				7FBE6CE32BB50CEE00485377 /* SceneDelegate.swift */,
			);
			path = AppDelegate;
			sourceTree = "<group>";
		};
		7FBE6CF82BB5305400485377 /* Domain */ = {
			isa = PBXGroup;
			children = (
				7FBE6CF92BB5305E00485377 /* Model */,
				7FBE6CFC2BB5325D00485377 /* Repository */,
			);
			path = Domain;
			sourceTree = "<group>";
		};
		7FBE6CF92BB5305E00485377 /* Model */ = {
			isa = PBXGroup;
			children = (
				7FBE6CFA2BB530D300485377 /* Message.swift */,
				7F904F522BB5C79600AFB7E4 /* RequestBody.swift */,
				7FABD0402BBE848100D1B6E5 /* NetworkResponse.swift */,
			);
			path = Model;
			sourceTree = "<group>";
		};
		7FBE6CFC2BB5325D00485377 /* Repository */ = {
			isa = PBXGroup;
			children = (
				7FBE6CFD2BB5329300485377 /* ChatRepositoryProtocol.swift */,
			);
			path = Repository;
			sourceTree = "<group>";
		};
		7FBE6CFF2BB5357E00485377 /* Data */ = {
			isa = PBXGroup;
			children = (
				7FBE6D002BB5359E00485377 /* DataSource */,
				7F904F542BB5CF5000AFB7E4 /* Mapper */,
			);
			path = Data;
			sourceTree = "<group>";
		};
		7FBE6D002BB5359E00485377 /* DataSource */ = {
			isa = PBXGroup;
			children = (
				7FBE6D012BB535CA00485377 /* Remote */,
			);
			path = DataSource;
			sourceTree = "<group>";
		};
		7FBE6D012BB535CA00485377 /* Remote */ = {
			isa = PBXGroup;
			children = (
				7FABD03D2BBE785B00D1B6E5 /* Serializer */,
				7FBE6D022BB535FF00485377 /* MessageDto.swift */,
			);
			path = Remote;
			sourceTree = "<group>";
		};
/* End PBXGroup section */

/* Begin PBXNativeTarget section */
		7FBE6CDD2BB50CEE00485377 /* AIChatbot */ = {
			isa = PBXNativeTarget;
			buildConfigurationList = 7FBE6CF22BB50CF200485377 /* Build configuration list for PBXNativeTarget "AIChatbot" */;
			buildPhases = (
				7FBE6CDA2BB50CEE00485377 /* Sources */,
				7FBE6CDB2BB50CEE00485377 /* Frameworks */,
				7FBE6CDC2BB50CEE00485377 /* Resources */,
			);
			buildRules = (
			);
			dependencies = (
			);
			name = AIChatbot;
			productName = AIChatbot;
			productReference = 7FBE6CDE2BB50CEE00485377 /* AIChatbot.app */;
			productType = "com.apple.product-type.application";
		};
/* End PBXNativeTarget section */

/* Begin PBXProject section */
		7FBE6CD62BB50CEE00485377 /* Project object */ = {
			isa = PBXProject;
			attributes = {
				BuildIndependentTargetsInParallel = 1;
				LastSwiftUpdateCheck = 1520;
				LastUpgradeCheck = 1520;
				TargetAttributes = {
					7FBE6CDD2BB50CEE00485377 = {
						CreatedOnToolsVersion = 15.2;
					};
				};
			};
			buildConfigurationList = 7FBE6CD92BB50CEE00485377 /* Build configuration list for PBXProject "AIChatbot" */;
			compatibilityVersion = "Xcode 14.0";
			developmentRegion = en;
			hasScannedForEncodings = 0;
			knownRegions = (
				en,
				Base,
			);
			mainGroup = 7FBE6CD52BB50CEE00485377;
			productRefGroup = 7FBE6CDF2BB50CEE00485377 /* Products */;
			projectDirPath = "";
			projectRoot = "";
			targets = (
				7FBE6CDD2BB50CEE00485377 /* AIChatbot */,
			);
		};
/* End PBXProject section */

/* Begin PBXResourcesBuildPhase section */
		7FBE6CDC2BB50CEE00485377 /* Resources */ = {
			isa = PBXResourcesBuildPhase;
			buildActionMask = 2147483647;
			files = (
				7FBE6CEE2BB50CF200485377 /* LaunchScreen.storyboard in Resources */,
				7FBE6CEB2BB50CF200485377 /* Assets.xcassets in Resources */,
			);
			runOnlyForDeploymentPostprocessing = 0;
		};
/* End PBXResourcesBuildPhase section */

/* Begin PBXSourcesBuildPhase section */
		7FBE6CDA2BB50CEE00485377 /* Sources */ = {
			isa = PBXSourcesBuildPhase;
			buildActionMask = 2147483647;
			files = (
				7FBE6CFE2BB5329300485377 /* ChatRepositoryProtocol.swift in Sources */,
				7F904F4F2BB5B71500AFB7E4 /* NetworkSerializable.swift in Sources */,
				7FBE6CE62BB50CEE00485377 /* ViewController.swift in Sources */,
				7FBE6CFB2BB530D300485377 /* Message.swift in Sources */,
				7FBE6CE22BB50CEE00485377 /* AppDelegate.swift in Sources */,
				7F904F532BB5C79600AFB7E4 /* RequestBody.swift in Sources */,
				7F904F562BB5CFD500AFB7E4 /* MessageMapper.swift in Sources */,
				7FBE6CE42BB50CEE00485377 /* SceneDelegate.swift in Sources */,
				7FABD0412BBE848100D1B6E5 /* NetworkResponse.swift in Sources */,
				7FBE6D032BB535FF00485377 /* MessageDto.swift in Sources */,
				7F904F512BB5C47B00AFB7E4 /* NetworkDeserializable.swift in Sources */,
			);
			runOnlyForDeploymentPostprocessing = 0;
		};
/* End PBXSourcesBuildPhase section */

/* Begin PBXVariantGroup section */
		7FBE6CEC2BB50CF200485377 /* LaunchScreen.storyboard */ = {
			isa = PBXVariantGroup;
			children = (
				7FBE6CED2BB50CF200485377 /* Base */,
			);
			name = LaunchScreen.storyboard;
			sourceTree = "<group>";
		};
/* End PBXVariantGroup section */

/* Begin XCBuildConfiguration section */
		7FBE6CF02BB50CF200485377 /* Debug */ = {
			isa = XCBuildConfiguration;
			buildSettings = {
				ALWAYS_SEARCH_USER_PATHS = NO;
				ASSETCATALOG_COMPILER_GENERATE_SWIFT_ASSET_SYMBOL_EXTENSIONS = YES;
				CLANG_ANALYZER_NONNULL = YES;
				CLANG_ANALYZER_NUMBER_OBJECT_CONVERSION = YES_AGGRESSIVE;
				CLANG_CXX_LANGUAGE_STANDARD = "gnu++20";
				CLANG_ENABLE_MODULES = YES;
				CLANG_ENABLE_OBJC_ARC = YES;
				CLANG_ENABLE_OBJC_WEAK = YES;
				CLANG_WARN_BLOCK_CAPTURE_AUTORELEASING = YES;
				CLANG_WARN_BOOL_CONVERSION = YES;
				CLANG_WARN_COMMA = YES;
				CLANG_WARN_CONSTANT_CONVERSION = YES;
				CLANG_WARN_DEPRECATED_OBJC_IMPLEMENTATIONS = YES;
				CLANG_WARN_DIRECT_OBJC_ISA_USAGE = YES_ERROR;
				CLANG_WARN_DOCUMENTATION_COMMENTS = YES;
				CLANG_WARN_EMPTY_BODY = YES;
				CLANG_WARN_ENUM_CONVERSION = YES;
				CLANG_WARN_INFINITE_RECURSION = YES;
				CLANG_WARN_INT_CONVERSION = YES;
				CLANG_WARN_NON_LITERAL_NULL_CONVERSION = YES;
				CLANG_WARN_OBJC_IMPLICIT_RETAIN_SELF = YES;
				CLANG_WARN_OBJC_LITERAL_CONVERSION = YES;
				CLANG_WARN_OBJC_ROOT_CLASS = YES_ERROR;
				CLANG_WARN_QUOTED_INCLUDE_IN_FRAMEWORK_HEADER = YES;
				CLANG_WARN_RANGE_LOOP_ANALYSIS = YES;
				CLANG_WARN_STRICT_PROTOTYPES = YES;
				CLANG_WARN_SUSPICIOUS_MOVE = YES;
				CLANG_WARN_UNGUARDED_AVAILABILITY = YES_AGGRESSIVE;
				CLANG_WARN_UNREACHABLE_CODE = YES;
				CLANG_WARN__DUPLICATE_METHOD_MATCH = YES;
				COPY_PHASE_STRIP = NO;
				DEBUG_INFORMATION_FORMAT = dwarf;
				ENABLE_STRICT_OBJC_MSGSEND = YES;
				ENABLE_TESTABILITY = YES;
				ENABLE_USER_SCRIPT_SANDBOXING = YES;
				GCC_C_LANGUAGE_STANDARD = gnu17;
				GCC_DYNAMIC_NO_PIC = NO;
				GCC_NO_COMMON_BLOCKS = YES;
				GCC_OPTIMIZATION_LEVEL = 0;
				GCC_PREPROCESSOR_DEFINITIONS = (
					"DEBUG=1",
					"$(inherited)",
				);
				GCC_WARN_64_TO_32_BIT_CONVERSION = YES;
				GCC_WARN_ABOUT_RETURN_TYPE = YES_ERROR;
				GCC_WARN_UNDECLARED_SELECTOR = YES;
				GCC_WARN_UNINITIALIZED_AUTOS = YES_AGGRESSIVE;
				GCC_WARN_UNUSED_FUNCTION = YES;
				GCC_WARN_UNUSED_VARIABLE = YES;
				IPHONEOS_DEPLOYMENT_TARGET = 17.2;
				LOCALIZATION_PREFERS_STRING_CATALOGS = YES;
				MTL_ENABLE_DEBUG_INFO = INCLUDE_SOURCE;
				MTL_FAST_MATH = YES;
				ONLY_ACTIVE_ARCH = YES;
				SDKROOT = iphoneos;
				SWIFT_ACTIVE_COMPILATION_CONDITIONS = "DEBUG $(inherited)";
				SWIFT_OPTIMIZATION_LEVEL = "-Onone";
			};
			name = Debug;
		};
		7FBE6CF12BB50CF200485377 /* Release */ = {
			isa = XCBuildConfiguration;
			buildSettings = {
				ALWAYS_SEARCH_USER_PATHS = NO;
				ASSETCATALOG_COMPILER_GENERATE_SWIFT_ASSET_SYMBOL_EXTENSIONS = YES;
				CLANG_ANALYZER_NONNULL = YES;
				CLANG_ANALYZER_NUMBER_OBJECT_CONVERSION = YES_AGGRESSIVE;
				CLANG_CXX_LANGUAGE_STANDARD = "gnu++20";
				CLANG_ENABLE_MODULES = YES;
				CLANG_ENABLE_OBJC_ARC = YES;
				CLANG_ENABLE_OBJC_WEAK = YES;
				CLANG_WARN_BLOCK_CAPTURE_AUTORELEASING = YES;
				CLANG_WARN_BOOL_CONVERSION = YES;
				CLANG_WARN_COMMA = YES;
				CLANG_WARN_CONSTANT_CONVERSION = YES;
				CLANG_WARN_DEPRECATED_OBJC_IMPLEMENTATIONS = YES;
				CLANG_WARN_DIRECT_OBJC_ISA_USAGE = YES_ERROR;
				CLANG_WARN_DOCUMENTATION_COMMENTS = YES;
				CLANG_WARN_EMPTY_BODY = YES;
				CLANG_WARN_ENUM_CONVERSION = YES;
				CLANG_WARN_INFINITE_RECURSION = YES;
				CLANG_WARN_INT_CONVERSION = YES;
				CLANG_WARN_NON_LITERAL_NULL_CONVERSION = YES;
				CLANG_WARN_OBJC_IMPLICIT_RETAIN_SELF = YES;
				CLANG_WARN_OBJC_LITERAL_CONVERSION = YES;
				CLANG_WARN_OBJC_ROOT_CLASS = YES_ERROR;
				CLANG_WARN_QUOTED_INCLUDE_IN_FRAMEWORK_HEADER = YES;
				CLANG_WARN_RANGE_LOOP_ANALYSIS = YES;
				CLANG_WARN_STRICT_PROTOTYPES = YES;
				CLANG_WARN_SUSPICIOUS_MOVE = YES;
				CLANG_WARN_UNGUARDED_AVAILABILITY = YES_AGGRESSIVE;
				CLANG_WARN_UNREACHABLE_CODE = YES;
				CLANG_WARN__DUPLICATE_METHOD_MATCH = YES;
				COPY_PHASE_STRIP = NO;
				DEBUG_INFORMATION_FORMAT = "dwarf-with-dsym";
				ENABLE_NS_ASSERTIONS = NO;
				ENABLE_STRICT_OBJC_MSGSEND = YES;
				ENABLE_USER_SCRIPT_SANDBOXING = YES;
				GCC_C_LANGUAGE_STANDARD = gnu17;
				GCC_NO_COMMON_BLOCKS = YES;
				GCC_WARN_64_TO_32_BIT_CONVERSION = YES;
				GCC_WARN_ABOUT_RETURN_TYPE = YES_ERROR;
				GCC_WARN_UNDECLARED_SELECTOR = YES;
				GCC_WARN_UNINITIALIZED_AUTOS = YES_AGGRESSIVE;
				GCC_WARN_UNUSED_FUNCTION = YES;
				GCC_WARN_UNUSED_VARIABLE = YES;
				IPHONEOS_DEPLOYMENT_TARGET = 17.2;
				LOCALIZATION_PREFERS_STRING_CATALOGS = YES;
				MTL_ENABLE_DEBUG_INFO = NO;
				MTL_FAST_MATH = YES;
				SDKROOT = iphoneos;
				SWIFT_COMPILATION_MODE = wholemodule;
				VALIDATE_PRODUCT = YES;
			};
			name = Release;
		};
		7FBE6CF32BB50CF200485377 /* Debug */ = {
			isa = XCBuildConfiguration;
			baseConfigurationReference = 7FBE6CF52BB511BF00485377 /* Secrets.xcconfig */;
			buildSettings = {
				ASSETCATALOG_COMPILER_APPICON_NAME = AppIcon;
				ASSETCATALOG_COMPILER_GLOBAL_ACCENT_COLOR_NAME = AccentColor;
				CODE_SIGN_STYLE = Automatic;
				CURRENT_PROJECT_VERSION = 1;
				GENERATE_INFOPLIST_FILE = YES;
				INFOPLIST_FILE = AIChatbot/Info.plist;
				INFOPLIST_KEY_UIApplicationSupportsIndirectInputEvents = YES;
				INFOPLIST_KEY_UILaunchStoryboardName = LaunchScreen;
				INFOPLIST_KEY_UISupportedInterfaceOrientations_iPad = "UIInterfaceOrientationPortrait UIInterfaceOrientationPortraitUpsideDown UIInterfaceOrientationLandscapeLeft UIInterfaceOrientationLandscapeRight";
				INFOPLIST_KEY_UISupportedInterfaceOrientations_iPhone = "UIInterfaceOrientationPortrait UIInterfaceOrientationLandscapeLeft UIInterfaceOrientationLandscapeRight";
				LD_RUNPATH_SEARCH_PATHS = (
					"$(inherited)",
					"@executable_path/Frameworks",
				);
				MARKETING_VERSION = 1.0;
				PRODUCT_BUNDLE_IDENTIFIER = com.AndyAn.AIChatbot;
				PRODUCT_NAME = "$(TARGET_NAME)";
				SWIFT_EMIT_LOC_STRINGS = YES;
				SWIFT_VERSION = 5.0;
				TARGETED_DEVICE_FAMILY = "1,2";
			};
			name = Debug;
		};
		7FBE6CF42BB50CF200485377 /* Release */ = {
			isa = XCBuildConfiguration;
			baseConfigurationReference = 7FBE6CF52BB511BF00485377 /* Secrets.xcconfig */;
			buildSettings = {
				ASSETCATALOG_COMPILER_APPICON_NAME = AppIcon;
				ASSETCATALOG_COMPILER_GLOBAL_ACCENT_COLOR_NAME = AccentColor;
				CODE_SIGN_STYLE = Automatic;
				CURRENT_PROJECT_VERSION = 1;
				GENERATE_INFOPLIST_FILE = YES;
				INFOPLIST_FILE = AIChatbot/Info.plist;
				INFOPLIST_KEY_UIApplicationSupportsIndirectInputEvents = YES;
				INFOPLIST_KEY_UILaunchStoryboardName = LaunchScreen;
				INFOPLIST_KEY_UISupportedInterfaceOrientations_iPad = "UIInterfaceOrientationPortrait UIInterfaceOrientationPortraitUpsideDown UIInterfaceOrientationLandscapeLeft UIInterfaceOrientationLandscapeRight";
				INFOPLIST_KEY_UISupportedInterfaceOrientations_iPhone = "UIInterfaceOrientationPortrait UIInterfaceOrientationLandscapeLeft UIInterfaceOrientationLandscapeRight";
				LD_RUNPATH_SEARCH_PATHS = (
					"$(inherited)",
					"@executable_path/Frameworks",
				);
				MARKETING_VERSION = 1.0;
				PRODUCT_BUNDLE_IDENTIFIER = com.AndyAn.AIChatbot;
				PRODUCT_NAME = "$(TARGET_NAME)";
				SWIFT_EMIT_LOC_STRINGS = YES;
				SWIFT_VERSION = 5.0;
				TARGETED_DEVICE_FAMILY = "1,2";
			};
			name = Release;
		};
/* End XCBuildConfiguration section */

/* Begin XCConfigurationList section */
		7FBE6CD92BB50CEE00485377 /* Build configuration list for PBXProject "AIChatbot" */ = {
			isa = XCConfigurationList;
			buildConfigurations = (
				7FBE6CF02BB50CF200485377 /* Debug */,
				7FBE6CF12BB50CF200485377 /* Release */,
			);
			defaultConfigurationIsVisible = 0;
			defaultConfigurationName = Release;
		};
		7FBE6CF22BB50CF200485377 /* Build configuration list for PBXNativeTarget "AIChatbot" */ = {
			isa = XCConfigurationList;
			buildConfigurations = (
				7FBE6CF32BB50CF200485377 /* Debug */,
				7FBE6CF42BB50CF200485377 /* Release */,
			);
			defaultConfigurationIsVisible = 0;
			defaultConfigurationName = Release;
		};
/* End XCConfigurationList section */
	};
	rootObject = 7FBE6CD62BB50CEE00485377 /* Project object */;
}
